
Microsoft Visual Studio Solution File, Format Version 12.00
# Visual Studio Version 16
VisualStudioVersion = 16.0.30011.22
MinimumVisualStudioVersion = 10.0.40219.1
Project("{888888A0-9F3D-457C-B088-3A5042F75D52}") = "Knights", "Knights.pyproj", "{27EB9A07-2D04-4F57-9796-D93F2B96FE01}"
EndProject
Global
	GlobalSection(SolutionConfigurationPlatforms) = preSolution
		Debug|Any CPU = Debug|Any CPU
		Release|Any CPU = Release|Any CPU
	EndGlobalSection
	GlobalSection(ProjectConfigurationPlatforms) = postSolution
		{27EB9A07-2D04-4F57-9796-D93F2B96FE01}.Debug|Any CPU.ActiveCfg = Debug|Any CPU
		{27EB9A07-2D04-4F57-9796-D93F2B96FE01}.Release|Any CPU.ActiveCfg = Release|Any CPU
	EndGlobalSection
	GlobalSection(SolutionProperties) = preSolution
		HideSolutionNode = FALSE
	EndGlobalSection
	GlobalSection(ExtensibilityGlobals) = postSolution
		SolutionGuid = {60D8E7A7-92D6-4B9F-8200-3E799993D5C9}
	EndGlobalSection
EndGlobal
